// !$*UTF8*$!
{
	archiveVersion = 1;
	classes = {
	};
	objectVersion = 50;
	objects = {

/* Begin PBXBuildFile section */
		AC5C08DE21C3A15C00AF6A2C /* AppDelegate.swift in Sources */ = {isa = PBXBuildFile; fileRef = AC5C08DD21C3A15C00AF6A2C /* AppDelegate.swift */; };
		AC5C08E021C3A15C00AF6A2C /* ViewController.swift in Sources */ = {isa = PBXBuildFile; fileRef = AC5C08DF21C3A15C00AF6A2C /* ViewController.swift */; };
		AC5C08E721C3A15C00AF6A2C /* Main.storyboard in Resources */ = {isa = PBXBuildFile; fileRef = AC5C08E521C3A15C00AF6A2C /* Main.storyboard */; };
		AC5C08E921C3A15E00AF6A2C /* Assets.xcassets in Resources */ = {isa = PBXBuildFile; fileRef = AC5C08E821C3A15E00AF6A2C /* Assets.xcassets */; };
		AC5C08EC21C3A15E00AF6A2C /* LaunchScreen.storyboard in Resources */ = {isa = PBXBuildFile; fileRef = AC5C08EA21C3A15E00AF6A2C /* LaunchScreen.storyboard */; };
		AC5C08F821C3A6F300AF6A2C /* PageViewController.swift in Sources */ = {isa = PBXBuildFile; fileRef = AC5C08F721C3A6F300AF6A2C /* PageViewController.swift */; };
		ACE37A0421C6E9560099693B /* House.swift in Sources */ = {isa = PBXBuildFile; fileRef = ACE37A0321C6E9560099693B /* House.swift */; };
/* End PBXBuildFile section */

/* Begin PBXFileReference section */
		AC5C08DA21C3A15C00AF6A2C /* ThePriceIsRight.app */ = {isa = PBXFileReference; explicitFileType = wrapper.application; includeInIndex = 0; path = ThePriceIsRight.app; sourceTree = BUILT_PRODUCTS_DIR; };
		AC5C08DD21C3A15C00AF6A2C /* AppDelegate.swift */ = {isa = PBXFileReference; lastKnownFileType = sourcecode.swift; path = AppDelegate.swift; sourceTree = "<group>"; };
		AC5C08DF21C3A15C00AF6A2C /* ViewController.swift */ = {isa = PBXFileReference; lastKnownFileType = sourcecode.swift; path = ViewController.swift; sourceTree = "<group>"; };
		AC5C08E621C3A15C00AF6A2C /* Base */ = {isa = PBXFileReference; lastKnownFileType = file.storyboard; name = Base; path = Base.lproj/Main.storyboard; sourceTree = "<group>"; };
		AC5C08E821C3A15E00AF6A2C /* Assets.xcassets */ = {isa = PBXFileReference; lastKnownFileType = folder.assetcatalog; path = Assets.xcassets; sourceTree = "<group>"; };
		AC5C08EB21C3A15E00AF6A2C /* Base */ = {isa = PBXFileReference; lastKnownFileType = file.storyboard; name = Base; path = Base.lproj/LaunchScreen.storyboard; sourceTree = "<group>"; };
		AC5C08ED21C3A15E00AF6A2C /* Info.plist */ = {isa = PBXFileReference; lastKnownFileType = text.plist.xml; path = Info.plist; sourceTree = "<group>"; };
		AC5C08F721C3A6F300AF6A2C /* PageViewController.swift */ = {isa = PBXFileReference; lastKnownFileType = sourcecode.swift; path = PageViewController.swift; sourceTree = "<group>"; };
		ACE37A0321C6E9560099693B /* House.swift */ = {isa = PBXFileReference; lastKnownFileType = sourcecode.swift; path = House.swift; sourceTree = "<group>"; };
/* End PBXFileReference section */

/* Begin PBXFrameworksBuildPhase section */
		AC5C08D721C3A15C00AF6A2C /* Frameworks */ = {
			isa = PBXFrameworksBuildPhase;
			buildActionMask = 2147483647;
			files = (
			);
			runOnlyForDeploymentPostprocessing = 0;
		};
/* End PBXFrameworksBuildPhase section */

/* Begin PBXGroup section */
		AC5C08D121C3A15C00AF6A2C = {
			isa = PBXGroup;
			children = (
				AC5C08DC21C3A15C00AF6A2C /* ThePriceIsRight */,
				AC5C08DB21C3A15C00AF6A2C /* Products */,
			);
			sourceTree = "<group>";
		};
		AC5C08DB21C3A15C00AF6A2C /* Products */ = {
			isa = PBXGroup;
			children = (
				AC5C08DA21C3A15C00AF6A2C /* ThePriceIsRight.app */,
			);
			name = Products;
			sourceTree = "<group>";
		};
		AC5C08DC21C3A15C00AF6A2C /* ThePriceIsRight */ = {
			isa = PBXGroup;
			children = (
				AC5C08F521C3A19700AF6A2C /* Controllers */,
				AC5C08F421C3A19200AF6A2C /* View */,
				AC5C08F321C3A18800AF6A2C /* Model */,
				AC5C08F621C3A1A100AF6A2C /* Supporting Files */,
			);
			path = ThePriceIsRight;
			sourceTree = "<group>";
		};
		AC5C08F321C3A18800AF6A2C /* Model */ = {
			isa = PBXGroup;
			children = (
				ACE37A0321C6E9560099693B /* House.swift */,
			);
			path = Model;
			sourceTree = "<group>";
		};
		AC5C08F421C3A19200AF6A2C /* View */ = {
			isa = PBXGroup;
			children = (
				AC5C08E521C3A15C00AF6A2C /* Main.storyboard */,
				AC5C08EA21C3A15E00AF6A2C /* LaunchScreen.storyboard */,
			);
			path = View;
			sourceTree = "<group>";
		};
		AC5C08F521C3A19700AF6A2C /* Controllers */ = {
			isa = PBXGroup;
			children = (
				AC5C08DD21C3A15C00AF6A2C /* AppDelegate.swift */,
				AC5C08DF21C3A15C00AF6A2C /* ViewController.swift */,
				AC5C08F721C3A6F300AF6A2C /* PageViewController.swift */,
			);
			path = Controllers;
			sourceTree = "<group>";
		};
		AC5C08F621C3A1A100AF6A2C /* Supporting Files */ = {
			isa = PBXGroup;
			children = (
				AC5C08E821C3A15E00AF6A2C /* Assets.xcassets */,
				AC5C08ED21C3A15E00AF6A2C /* Info.plist */,
			);
			path = "Supporting Files";
			sourceTree = "<group>";
		};
/* End PBXGroup section */

/* Begin PBXNativeTarget section */
		AC5C08D921C3A15C00AF6A2C /* ThePriceIsRight */ = {
			isa = PBXNativeTarget;
			buildConfigurationList = AC5C08F021C3A15E00AF6A2C /* Build configuration list for PBXNativeTarget "ThePriceIsRight" */;
			buildPhases = (
				AC5C08D621C3A15C00AF6A2C /* Sources */,
				AC5C08D721C3A15C00AF6A2C /* Frameworks */,
				AC5C08D821C3A15C00AF6A2C /* Resources */,
			);
			buildRules = (
			);
			dependencies = (
			);
			name = ThePriceIsRight;
			productName = ThePriceIsRight;
			productReference = AC5C08DA21C3A15C00AF6A2C /* ThePriceIsRight.app */;
			productType = "com.apple.product-type.application";
		};
/* End PBXNativeTarget section */

/* Begin PBXProject section */
		AC5C08D221C3A15C00AF6A2C /* Project object */ = {
			isa = PBXProject;
			attributes = {
				LastSwiftUpdateCheck = 1010;
				LastUpgradeCheck = 1010;
				ORGANIZATIONNAME = "Alex Lopez";
				TargetAttributes = {
					AC5C08D921C3A15C00AF6A2C = {
						CreatedOnToolsVersion = 10.1;
					};
				};
			};
			buildConfigurationList = AC5C08D521C3A15C00AF6A2C /* Build configuration list for PBXProject "ThePriceIsRight" */;
			compatibilityVersion = "Xcode 9.3";
			developmentRegion = en;
			hasScannedForEncodings = 0;
			knownRegions = (
				en,
				Base,
			);
			mainGroup = AC5C08D121C3A15C00AF6A2C;
			productRefGroup = AC5C08DB21C3A15C00AF6A2C /* Products */;
			projectDirPath = "";
			projectRoot = "";
			targets = (
				AC5C08D921C3A15C00AF6A2C /* ThePriceIsRight */,
			);
		};
/* End PBXProject section */

/* Begin PBXResourcesBuildPhase section */
		AC5C08D821C3A15C00AF6A2C /* Resources */ = {
			isa = PBXResourcesBuildPhase;
			buildActionMask = 2147483647;
			files = (
				AC5C08EC21C3A15E00AF6A2C /* LaunchScreen.storyboard in Resources */,
				AC5C08E921C3A15E00AF6A2C /* Assets.xcassets in Resources */,
				AC5C08E721C3A15C00AF6A2C /* Main.storyboard in Resources */,
			);
			runOnlyForDeploymentPostprocessing = 0;
		};
/* End PBXResourcesBuildPhase section */

/* Begin PBXSourcesBuildPhase section */
		AC5C08D621C3A15C00AF6A2C /* Sources */ = {
			isa = PBXSourcesBuildPhase;
			buildActionMask = 2147483647;
			files = (
				AC5C08F821C3A6F300AF6A2C /* PageViewController.swift in Sources */,
				AC5C08E021C3A15C00AF6A2C /* ViewController.swift in Sources */,
				ACE37A0421C6E9560099693B /* House.swift in Sources */,
				AC5C08DE21C3A15C00AF6A2C /* AppDelegate.swift in Sources */,
			);
			runOnlyForDeploymentPostprocessing = 0;
		};
/* End PBXSourcesBuildPhase section */

/* Begin PBXVariantGroup section */
		AC5C08E521C3A15C00AF6A2C /* Main.storyboard */ = {
			isa = PBXVariantGroup;
			children = (
				AC5C08E621C3A15C00AF6A2C /* Base */,
			);
			name = Main.storyboard;
			sourceTree = "<group>";
		};
		AC5C08EA21C3A15E00AF6A2C /* LaunchScreen.storyboard */ = {
			isa = PBXVariantGroup;
			children = (
				AC5C08EB21C3A15E00AF6A2C /* Base */,
			);
			name = LaunchScreen.storyboard;
			sourceTree = "<group>";
		};
/* End PBXVariantGroup section */

/* Begin XCBuildConfiguration section */
		AC5C08EE21C3A15E00AF6A2C /* Debug */ = {
			isa = XCBuildConfiguration;
			buildSettings = {
				ALWAYS_SEARCH_USER_PATHS = NO;
				CLANG_ANALYZER_NONNULL = YES;
				CLANG_ANALYZER_NUMBER_OBJECT_CONVERSION = YES_AGGRESSIVE;
				CLANG_CXX_LANGUAGE_STANDARD = "gnu++14";
				CLANG_CXX_LIBRARY = "libc++";
				CLANG_ENABLE_MODULES = YES;
				CLANG_ENABLE_OBJC_ARC = YES;
				CLANG_ENABLE_OBJC_WEAK = YES;
				CLANG_WARN_BLOCK_CAPTURE_AUTORELEASING = YES;
				CLANG_WARN_BOOL_CONVERSION = YES;
				CLANG_WARN_COMMA = YES;
				CLANG_WARN_CONSTANT_CONVERSION = YES;
				CLANG_WARN_DEPRECATED_OBJC_IMPLEMENTATIONS = YES;
				CLANG_WARN_DIRECT_OBJC_ISA_USAGE = YES_ERROR;
				CLANG_WARN_DOCUMENTATION_COMMENTS = YES;
				CLANG_WARN_EMPTY_BODY = YES;
				CLANG_WARN_ENUM_CONVERSION = YES;
				CLANG_WARN_INFINITE_RECURSION = YES;
				CLANG_WARN_INT_CONVERSION = YES;
				CLANG_WARN_NON_LITERAL_NULL_CONVERSION = YES;
				CLANG_WARN_OBJC_IMPLICIT_RETAIN_SELF = YES;
				CLANG_WARN_OBJC_LITERAL_CONVERSION = YES;
				CLANG_WARN_OBJC_ROOT_CLASS = YES_ERROR;
				CLANG_WARN_RANGE_LOOP_ANALYSIS = YES;
				CLANG_WARN_STRICT_PROTOTYPES = YES;
				CLANG_WARN_SUSPICIOUS_MOVE = YES;
				CLANG_WARN_UNGUARDED_AVAILABILITY = YES_AGGRESSIVE;
				CLANG_WARN_UNREACHABLE_CODE = YES;
				CLANG_WARN__DUPLICATE_METHOD_MATCH = YES;
				CODE_SIGN_IDENTITY = "iPhone Developer";
				COPY_PHASE_STRIP = NO;
				DEBUG_INFORMATION_FORMAT = dwarf;
				ENABLE_STRICT_OBJC_MSGSEND = YES;
				ENABLE_TESTABILITY = YES;
				GCC_C_LANGUAGE_STANDARD = gnu11;
				GCC_DYNAMIC_NO_PIC = NO;
				GCC_NO_COMMON_BLOCKS = YES;
				GCC_OPTIMIZATION_LEVEL = 0;
				GCC_PREPROCESSOR_DEFINITIONS = (
					"DEBUG=1",
					"$(inherited)",
				);
				GCC_WARN_64_TO_32_BIT_CONVERSION = YES;
				GCC_WARN_ABOUT_RETURN_TYPE = YES_ERROR;
				GCC_WARN_UNDECLARED_SELECTOR = YES;
				GCC_WARN_UNINITIALIZED_AUTOS = YES_AGGRESSIVE;
				GCC_WARN_UNUSED_FUNCTION = YES;
				GCC_WARN_UNUSED_VARIABLE = YES;
				IPHONEOS_DEPLOYMENT_TARGET = 12.1;
				MTL_ENABLE_DEBUG_INFO = INCLUDE_SOURCE;
				MTL_FAST_MATH = YES;
				ONLY_ACTIVE_ARCH = YES;
				SDKROOT = iphoneos;
				SWIFT_ACTIVE_COMPILATION_CONDITIONS = DEBUG;
				SWIFT_OPTIMIZATION_LEVEL = "-Onone";
			};
			name = Debug;
		};
		AC5C08EF21C3A15E00AF6A2C /* Release */ = {
			isa = XCBuildConfiguration;
			buildSettings = {
				ALWAYS_SEARCH_USER_PATHS = NO;
				CLANG_ANALYZER_NONNULL = YES;
				CLANG_ANALYZER_NUMBER_OBJECT_CONVERSION = YES_AGGRESSIVE;
				CLANG_CXX_LANGUAGE_STANDARD = "gnu++14";
				CLANG_CXX_LIBRARY = "libc++";
				CLANG_ENABLE_MODULES = YES;
				CLANG_ENABLE_OBJC_ARC = YES;
				CLANG_ENABLE_OBJC_WEAK = YES;
				CLANG_WARN_BLOCK_CAPTURE_AUTORELEASING = YES;
				CLANG_WARN_BOOL_CONVERSION = YES;
				CLANG_WARN_COMMA = YES;
				CLANG_WARN_CONSTANT_CONVERSION = YES;
				CLANG_WARN_DEPRECATED_OBJC_IMPLEMENTATIONS = YES;
				CLANG_WARN_DIRECT_OBJC_ISA_USAGE = YES_ERROR;
				CLANG_WARN_DOCUMENTATION_COMMENTS = YES;
				CLANG_WARN_EMPTY_BODY = YES;
				CLANG_WARN_ENUM_CONVERSION = YES;
				CLANG_WARN_INFINITE_RECURSION = YES;
				CLANG_WARN_INT_CONVERSION = YES;
				CLANG_WARN_NON_LITERAL_NULL_CONVERSION = YES;
				CLANG_WARN_OBJC_IMPLICIT_RETAIN_SELF = YES;
				CLANG_WARN_OBJC_LITERAL_CONVERSION = YES;
				CLANG_WARN_OBJC_ROOT_CLASS = YES_ERROR;
				CLANG_WARN_RANGE_LOOP_ANALYSIS = YES;
				CLANG_WARN_STRICT_PROTOTYPES = YES;
				CLANG_WARN_SUSPICIOUS_MOVE = YES;
				CLANG_WARN_UNGUARDED_AVAILABILITY = YES_AGGRESSIVE;
				CLANG_WARN_UNREACHABLE_CODE = YES;
				CLANG_WARN__DUPLICATE_METHOD_MATCH = YES;
				CODE_SIGN_IDENTITY = "iPhone Developer";
				COPY_PHASE_STRIP = NO;
				DEBUG_INFORMATION_FORMAT = "dwarf-with-dsym";
				ENABLE_NS_ASSERTIONS = NO;
				ENABLE_STRICT_OBJC_MSGSEND = YES;
				GCC_C_LANGUAGE_STANDARD = gnu11;
				GCC_NO_COMMON_BLOCKS = YES;
				GCC_WARN_64_TO_32_BIT_CONVERSION = YES;
				GCC_WARN_ABOUT_RETURN_TYPE = YES_ERROR;
				GCC_WARN_UNDECLARED_SELECTOR = YES;
				GCC_WARN_UNINITIALIZED_AUTOS = YES_AGGRESSIVE;
				GCC_WARN_UNUSED_FUNCTION = YES;
				GCC_WARN_UNUSED_VARIABLE = YES;
				IPHONEOS_DEPLOYMENT_TARGET = 12.1;
				MTL_ENABLE_DEBUG_INFO = NO;
				MTL_FAST_MATH = YES;
				SDKROOT = iphoneos;
				SWIFT_COMPILATION_MODE = wholemodule;
				SWIFT_OPTIMIZATION_LEVEL = "-O";
				VALIDATE_PRODUCT = YES;
			};
			name = Release;
		};
		AC5C08F121C3A15E00AF6A2C /* Debug */ = {
			isa = XCBuildConfiguration;
			buildSettings = {
				ASSETCATALOG_COMPILER_APPICON_NAME = AppIcon;
				CODE_SIGN_STYLE = Automatic;
				DEVELOPMENT_TEAM = LX4P693W2D;
				INFOPLIST_FILE = "$(SRCROOT)/ThePriceIsRight/Supporting Files/Info.plist";
				LD_RUNPATH_SEARCH_PATHS = (
					"$(inherited)",
					"@executable_path/Frameworks",
				);
				PRODUCT_BUNDLE_IDENTIFIER = tk.alexlopez.ThePriceIsRight;
				PRODUCT_NAME = "$(TARGET_NAME)";
				SWIFT_VERSION = 4.2;
				TARGETED_DEVICE_FAMILY = "1,2";
			};
			name = Debug;
		};
		AC5C08F221C3A15E00AF6A2C /* Release */ = {
			isa = XCBuildConfiguration;
			buildSettings = {
				ASSETCATALOG_COMPILER_APPICON_NAME = AppIcon;
				CODE_SIGN_STYLE = Automatic;
				DEVELOPMENT_TEAM = LX4P693W2D;
				INFOPLIST_FILE = "$(SRCROOT)/ThePriceIsRight/Supporting Files/Info.plist";
				LD_RUNPATH_SEARCH_PATHS = (
					"$(inherited)",
					"@executable_path/Frameworks",
				);
				PRODUCT_BUNDLE_IDENTIFIER = tk.alexlopez.ThePriceIsRight;
				PRODUCT_NAME = "$(TARGET_NAME)";
				SWIFT_VERSION = 4.2;
				TARGETED_DEVICE_FAMILY = "1,2";
			};
			name = Release;
		};
/* End XCBuildConfiguration section */

/* Begin XCConfigurationList section */
		AC5C08D521C3A15C00AF6A2C /* Build configuration list for PBXProject "ThePriceIsRight" */ = {
			isa = XCConfigurationList;
			buildConfigurations = (
				AC5C08EE21C3A15E00AF6A2C /* Debug */,
				AC5C08EF21C3A15E00AF6A2C /* Release */,
			);
			defaultConfigurationIsVisible = 0;
			defaultConfigurationName = Release;
		};
		AC5C08F021C3A15E00AF6A2C /* Build configuration list for PBXNativeTarget "ThePriceIsRight" */ = {
			isa = XCConfigurationList;
			buildConfigurations = (
				AC5C08F121C3A15E00AF6A2C /* Debug */,
				AC5C08F221C3A15E00AF6A2C /* Release */,
			);
			defaultConfigurationIsVisible = 0;
			defaultConfigurationName = Release;
		};
/* End XCConfigurationList section */
	};
	rootObject = AC5C08D221C3A15C00AF6A2C /* Project object */;
}
